{
  "requires": true,
  "lockfileVersion": 1,
  "dependencies": {
    "eventemitter3": {
      "version": "4.0.0",
      "resolved": "https://registry.npmjs.org/eventemitter3/-/eventemitter3-4.0.0.tgz",
      "integrity": "sha512-qerSRB0p+UDEssxTtm6EDKcE7W4OaoisfIMl4CngyEhjpYglocpNg6UEqCvemdGhosAsg4sO2dXJOdyBifPGCg=="
    },
    "p-finally": {
      "version": "1.0.0",
      "resolved": "https://registry.npmjs.org/p-finally/-/p-finally-1.0.0.tgz",
      "integrity": "sha1-P7z7FbiZpEEjs0ttzBi3JDNqLK4="
    },
    "p-queue": {
      "version": "6.2.1",
      "resolved": "https://registry.npmjs.org/p-queue/-/p-queue-6.2.1.tgz",
      "integrity": "sha512-wV8yC/rkuWpgu9LGKJIb48OynYSrE6lVl2Bx6r8WjbyVKrFAzzQ/QevAvwnDjlD+mLt8xy0LTDOU1freOvMTCg==",
      "requires": {
        "eventemitter3": "^4.0.0",
        "p-timeout": "^3.1.0"
      }
    },
    "p-timeout": {
      "version": "3.2.0",
      "resolved": "https://registry.npmjs.org/p-timeout/-/p-timeout-3.2.0.tgz",
      "integrity": "sha512-rhIwUycgwwKcP9yTOOFK/AKsAopjjCakVqLHePO3CC6Mir1Z99xT+R63jZxAT5lFZLa2inS5h+ZS2GvR99/FBg==",
      "requires": {
        "p-finally": "^1.0.0"
      }
    },
    "webextension-polyfill": {
      "version": "0.5.0",
      "resolved": "https://registry.npmjs.org/webextension-polyfill/-/webextension-polyfill-0.5.0.tgz",
      "integrity": "sha512-aFrl38x43t1bTboX/paCT8I97+idzX/TY0+fuM52hrIkCpYfROEF9kSn0BXuEIi3J9LTYt2ZZKkhx9NB1qF3nA=="
    }
  }
}
